
Microsoft Visual Studio Solution File, Format Version 12.00
# Visual Studio 15
Project("{FAE04EC0-301F-11D3-BF4B-00C04F79EFBC}") = "RestaurantOrder.Api", "RestaurantOrderApi\RestaurantOrder.Api.csproj", "{4D39DFD2-9D9F-47D2-B0CB-523F43145289}"
EndProject
Project("{FAE04EC0-301F-11D3-BF4B-00C04F79EFBC}") = "RestaurantOrder.Application", "RestaurantOrder.Application\RestaurantOrder.Application.csproj", "{EED77562-22D0-4043-8828-1DBBB91865FE}"
EndProject
Project("{FAE04EC0-301F-11D3-BF4B-00C04F79EFBC}") = "RestaurantOrder.Infrastructure", "RestaurantOrder.Infrastructure\RestaurantOrder.Infrastructure.csproj", "{A48D0347-7640-46DE-A169-9D25ADCB213F}"
EndProject
Project("{FAE04EC0-301F-11D3-BF4B-00C04F79EFBC}") = "RestaurantOrder.Tests", "RestaurantOrder.Tests\RestaurantOrder.Tests.csproj", "{316DEA08-959F-485A-801F-09C93A2490F0}"
EndProject
Project("{FAE04EC0-301F-11D3-BF4B-00C04F79EFBC}") = "RestaurantOrder.Domain", "RestaurantOrder.Domain\RestaurantOrder.Domain.csproj", "{0030D57D-8200-448B-8ED0-EC1F84CF34EC}"
EndProject
Global
	GlobalSection(SolutionConfigurationPlatforms) = preSolution
		Debug|Any CPU = Debug|Any CPU
		Release|Any CPU = Release|Any CPU
	EndGlobalSection
	GlobalSection(ProjectConfigurationPlatforms) = postSolution
		{4D39DFD2-9D9F-47D2-B0CB-523F43145289}.Debug|Any CPU.ActiveCfg = Debug|Any CPU
		{4D39DFD2-9D9F-47D2-B0CB-523F43145289}.Debug|Any CPU.Build.0 = Debug|Any CPU
		{4D39DFD2-9D9F-47D2-B0CB-523F43145289}.Release|Any CPU.ActiveCfg = Release|Any CPU
		{4D39DFD2-9D9F-47D2-B0CB-523F43145289}.Release|Any CPU.Build.0 = Release|Any CPU
		{EED77562-22D0-4043-8828-1DBBB91865FE}.Debug|Any CPU.ActiveCfg = Debug|Any CPU
		{EED77562-22D0-4043-8828-1DBBB91865FE}.Debug|Any CPU.Build.0 = Debug|Any CPU
		{EED77562-22D0-4043-8828-1DBBB91865FE}.Release|Any CPU.ActiveCfg = Release|Any CPU
		{EED77562-22D0-4043-8828-1DBBB91865FE}.Release|Any CPU.Build.0 = Release|Any CPU
		{A48D0347-7640-46DE-A169-9D25ADCB213F}.Debug|Any CPU.ActiveCfg = Debug|Any CPU
		{A48D0347-7640-46DE-A169-9D25ADCB213F}.Debug|Any CPU.Build.0 = Debug|Any CPU
		{A48D0347-7640-46DE-A169-9D25ADCB213F}.Release|Any CPU.ActiveCfg = Release|Any CPU
		{A48D0347-7640-46DE-A169-9D25ADCB213F}.Release|Any CPU.Build.0 = Release|Any CPU
		{316DEA08-959F-485A-801F-09C93A2490F0}.Debug|Any CPU.ActiveCfg = Debug|Any CPU
		{316DEA08-959F-485A-801F-09C93A2490F0}.Debug|Any CPU.Build.0 = Debug|Any CPU
		{316DEA08-959F-485A-801F-09C93A2490F0}.Release|Any CPU.ActiveCfg = Release|Any CPU
		{316DEA08-959F-485A-801F-09C93A2490F0}.Release|Any CPU.Build.0 = Release|Any CPU
		{0030D57D-8200-448B-8ED0-EC1F84CF34EC}.Debug|Any CPU.ActiveCfg = Debug|Any CPU
		{0030D57D-8200-448B-8ED0-EC1F84CF34EC}.Debug|Any CPU.Build.0 = Debug|Any CPU
		{0030D57D-8200-448B-8ED0-EC1F84CF34EC}.Release|Any CPU.ActiveCfg = Release|Any CPU
		{0030D57D-8200-448B-8ED0-EC1F84CF34EC}.Release|Any CPU.Build.0 = Release|Any CPU
	EndGlobalSection
EndGlobal
